version = 1
revision = 3
requires-python = ">=3.9"
resolution-markers = [
    "python_full_version >= '3.10'",
    "python_full_version < '3.10'",
]

[[package]]
name = "humanize"
version = "4.13.0"
source = { registry = "https://pypi.org/simple" }
resolution-markers = [
    "python_full_version < '3.10'",
]
sdist = { url = "https://files.pythonhosted.org/packages/98/1d/3062fcc89ee05a715c0b9bfe6490c00c576314f27ffee3a704122c6fd259/humanize-4.13.0.tar.gz", hash = "sha256:78f79e68f76f0b04d711c4e55d32bebef5be387148862cb1ef83d2b58e7935a0", size = 81884, upload-time = "2025-08-25T09:39:20.04Z" }
wheels = [
    { url = "https://files.pythonhosted.org/packages/1e/c7/316e7ca04d26695ef0635dc81683d628350810eb8e9b2299fc08ba49f366/humanize-4.13.0-py3-none-any.whl", hash = "sha256:b810820b31891813b1673e8fec7f1ed3312061eab2f26e3fa192c393d11ed25f", size = 128869, upload-time = "2025-08-25T09:39:18.54Z" },
]

[[package]]
name = "humanize"
version = "4.14.0"
source = { registry = "https://pypi.org/simple" }
resolution-markers = [
    "python_full_version >= '3.10'",
]
sdist = { url = "https://files.pythonhosted.org/packages/b6/43/50033d25ad96a7f3845f40999b4778f753c3901a11808a584fed7c00d9f5/humanize-4.14.0.tar.gz", hash = "sha256:2fa092705ea640d605c435b1ca82b2866a1b601cdf96f076d70b79a855eba90d", size = 82939, upload-time = "2025-10-15T13:04:51.214Z" }
wheels = [
    { url = "https://files.pythonhosted.org/packages/c3/5b/9512c5fb6c8218332b530f13500c6ff5f3ce3342f35e0dd7be9ac3856fd3/humanize-4.14.0-py3-none-any.whl", hash = "sha256:d57701248d040ad456092820e6fde56c930f17749956ac47f4f655c0c547bfff", size = 132092, upload-time = "2025-10-15T13:04:49.404Z" },
]

[[package]]
name = "project-tools-runner"
version = "0.1.0"
source = { editable = "." }
dependencies = [
    { name = "humanize", version = "4.13.0", source = { registry = "https://pypi.org/simple" }, marker = "python_full_version < '3.10'" },
    { name = "humanize", version = "4.14.0", source = { registry = "https://pypi.org/simple" }, marker = "python_full_version >= '3.10'" },
]

[package.metadata]
requires-dist = [{ name = "humanize", specifier = ">=4.9.0" }]
